
Microsoft Visual Studio Solution File, Format Version 12.00
# Visual Studio 15
VisualStudioVersion = 15.0.26124.0
MinimumVisualStudioVersion = 15.0.26124.0
Project("{FAE04EC0-301F-11D3-BF4B-00C04F79EFBC}") = "Text", "Text\Text.csproj", "{CED7F8A6-F6A1-43E4-96DA-01DCF18B0D7C}"
EndProject
Project("{FAE04EC0-301F-11D3-BF4B-00C04F79EFBC}") = "Text.Tests", "Text.Tests\Text.Tests.csproj", "{A3317E92-6D9B-4681-9015-B7AE2AF761E6}"
EndProject
Global
	GlobalSection(SolutionConfigurationPlatforms) = preSolution
		Debug|Any CPU = Debug|Any CPU
		Debug|x64 = Debug|x64
		Debug|x86 = Debug|x86
		Release|Any CPU = Release|Any CPU
		Release|x64 = Release|x64
		Release|x86 = Release|x86
	EndGlobalSection
	GlobalSection(SolutionProperties) = preSolution
		HideSolutionNode = FALSE
	EndGlobalSection
	GlobalSection(ProjectConfigurationPlatforms) = postSolution
		{CED7F8A6-F6A1-43E4-96DA-01DCF18B0D7C}.Debug|Any CPU.ActiveCfg = Debug|Any CPU
		{CED7F8A6-F6A1-43E4-96DA-01DCF18B0D7C}.Debug|Any CPU.Build.0 = Debug|Any CPU
		{CED7F8A6-F6A1-43E4-96DA-01DCF18B0D7C}.Debug|x64.ActiveCfg = Debug|Any CPU
		{CED7F8A6-F6A1-43E4-96DA-01DCF18B0D7C}.Debug|x64.Build.0 = Debug|Any CPU
		{CED7F8A6-F6A1-43E4-96DA-01DCF18B0D7C}.Debug|x86.ActiveCfg = Debug|Any CPU
		{CED7F8A6-F6A1-43E4-96DA-01DCF18B0D7C}.Debug|x86.Build.0 = Debug|Any CPU
		{CED7F8A6-F6A1-43E4-96DA-01DCF18B0D7C}.Release|Any CPU.ActiveCfg = Release|Any CPU
		{CED7F8A6-F6A1-43E4-96DA-01DCF18B0D7C}.Release|Any CPU.Build.0 = Release|Any CPU
		{CED7F8A6-F6A1-43E4-96DA-01DCF18B0D7C}.Release|x64.ActiveCfg = Release|Any CPU
		{CED7F8A6-F6A1-43E4-96DA-01DCF18B0D7C}.Release|x64.Build.0 = Release|Any CPU
		{CED7F8A6-F6A1-43E4-96DA-01DCF18B0D7C}.Release|x86.ActiveCfg = Release|Any CPU
		{CED7F8A6-F6A1-43E4-96DA-01DCF18B0D7C}.Release|x86.Build.0 = Release|Any CPU
		{A3317E92-6D9B-4681-9015-B7AE2AF761E6}.Debug|Any CPU.ActiveCfg = Debug|Any CPU
		{A3317E92-6D9B-4681-9015-B7AE2AF761E6}.Debug|Any CPU.Build.0 = Debug|Any CPU
		{A3317E92-6D9B-4681-9015-B7AE2AF761E6}.Debug|x64.ActiveCfg = Debug|Any CPU
		{A3317E92-6D9B-4681-9015-B7AE2AF761E6}.Debug|x64.Build.0 = Debug|Any CPU
		{A3317E92-6D9B-4681-9015-B7AE2AF761E6}.Debug|x86.ActiveCfg = Debug|Any CPU
		{A3317E92-6D9B-4681-9015-B7AE2AF761E6}.Debug|x86.Build.0 = Debug|Any CPU
		{A3317E92-6D9B-4681-9015-B7AE2AF761E6}.Release|Any CPU.ActiveCfg = Release|Any CPU
		{A3317E92-6D9B-4681-9015-B7AE2AF761E6}.Release|Any CPU.Build.0 = Release|Any CPU
		{A3317E92-6D9B-4681-9015-B7AE2AF761E6}.Release|x64.ActiveCfg = Release|Any CPU
		{A3317E92-6D9B-4681-9015-B7AE2AF761E6}.Release|x64.Build.0 = Release|Any CPU
		{A3317E92-6D9B-4681-9015-B7AE2AF761E6}.Release|x86.ActiveCfg = Release|Any CPU
		{A3317E92-6D9B-4681-9015-B7AE2AF761E6}.Release|x86.Build.0 = Release|Any CPU
	EndGlobalSection
EndGlobal
